
Microsoft Visual Studio Solution File, Format Version 12.00
# Visual Studio Version 16
VisualStudioVersion = 16.0.31702.278
MinimumVisualStudioVersion = 10.0.40219.1
Project("{9A19103F-16F7-4668-BE54-9A1E7A4F7556}") = "AutomationTest", "AutomationTest\AutomationTest.csproj", "{A7BE5F4F-0A7D-43C1-B84D-C1686CAB9134}"
EndProject
Project("{FAE04EC0-301F-11D3-BF4B-00C04F79EFBC}") = "UnitTest", "UnitTest\UnitTest.csproj", "{F3BCC902-85A9-4257-9D4B-BC4C31FF2882}"
EndProject
Global
	GlobalSection(SolutionConfigurationPlatforms) = preSolution
		Debug|Any CPU = Debug|Any CPU
		Release|Any CPU = Release|Any CPU
	EndGlobalSection
	GlobalSection(ProjectConfigurationPlatforms) = postSolution
		{A7BE5F4F-0A7D-43C1-B84D-C1686CAB9134}.Debug|Any CPU.ActiveCfg = Debug|Any CPU
		{A7BE5F4F-0A7D-43C1-B84D-C1686CAB9134}.Debug|Any CPU.Build.0 = Debug|Any CPU
		{A7BE5F4F-0A7D-43C1-B84D-C1686CAB9134}.Release|Any CPU.ActiveCfg = Release|Any CPU
		{A7BE5F4F-0A7D-43C1-B84D-C1686CAB9134}.Release|Any CPU.Build.0 = Release|Any CPU
		{F3BCC902-85A9-4257-9D4B-BC4C31FF2882}.Debug|Any CPU.ActiveCfg = Debug|Any CPU
		{F3BCC902-85A9-4257-9D4B-BC4C31FF2882}.Debug|Any CPU.Build.0 = Debug|Any CPU
		{F3BCC902-85A9-4257-9D4B-BC4C31FF2882}.Release|Any CPU.ActiveCfg = Release|Any CPU
		{F3BCC902-85A9-4257-9D4B-BC4C31FF2882}.Release|Any CPU.Build.0 = Release|Any CPU
	EndGlobalSection
	GlobalSection(SolutionProperties) = preSolution
		HideSolutionNode = FALSE
	EndGlobalSection
	GlobalSection(ExtensibilityGlobals) = postSolution
		SolutionGuid = {97A43F62-C384-41A1-AF23-EEB4EF2367CB}
	EndGlobalSection
EndGlobal
